// !$*UTF8*$!
{
	archiveVersion = 1;
	classes = {
	};
	objectVersion = 46;
	objects = {

/* Begin PBXBuildFile section */
		CAD112861CBCA83400855C25 /* daxpy.c in Sources */ = {isa = PBXBuildFile; fileRef = CAD112731CBCA83400855C25 /* daxpy.c */; };
		CAD112871CBCA83400855C25 /* ddot.c in Sources */ = {isa = PBXBuildFile; fileRef = CAD112741CBCA83400855C25 /* ddot.c */; };
		CAD112881CBCA83400855C25 /* dnrm2.c in Sources */ = {isa = PBXBuildFile; fileRef = CAD112751CBCA83400855C25 /* dnrm2.c */; };
		CAD112891CBCA83400855C25 /* dscal.c in Sources */ = {isa = PBXBuildFile; fileRef = CAD112761CBCA83400855C25 /* dscal.c */; };
		CAD1128A1CBCA83400855C25 /* LBFRegressor.cpp in Sources */ = {isa = PBXBuildFile; fileRef = CAD112791CBCA83400855C25 /* LBFRegressor.cpp */; };
		CAD1128B1CBCA83400855C25 /* linear.cpp in Sources */ = {isa = PBXBuildFile; fileRef = CAD1127B1CBCA83400855C25 /* linear.cpp */; };
		CAD1128C1CBCA83400855C25 /* main.cpp in Sources */ = {isa = PBXBuildFile; fileRef = CAD1127D1CBCA83400855C25 /* main.cpp */; };
		CAD1128D1CBCA83400855C25 /* randomforest.cpp in Sources */ = {isa = PBXBuildFile; fileRef = CAD1127E1CBCA83400855C25 /* randomforest.cpp */; };
		CAD1128E1CBCA83400855C25 /* README.md in Sources */ = {isa = PBXBuildFile; fileRef = CAD112801CBCA83400855C25 /* README.md */; };
		CAD1128F1CBCA83400855C25 /* tree.cpp in Sources */ = {isa = PBXBuildFile; fileRef = CAD112811CBCA83400855C25 /* tree.cpp */; };
		CAD112901CBCA83400855C25 /* tron.cpp in Sources */ = {isa = PBXBuildFile; fileRef = CAD112831CBCA83400855C25 /* tron.cpp */; };
		CAD112911CBCA83400855C25 /* Utils.cpp in Sources */ = {isa = PBXBuildFile; fileRef = CAD112851CBCA83400855C25 /* Utils.cpp */; };
/* End PBXBuildFile section */

/* Begin PBXCopyFilesBuildPhase section */
		CAD112651CBCA7E500855C25 /* CopyFiles */ = {
			isa = PBXCopyFilesBuildPhase;
			buildActionMask = 2147483647;
			dstPath = /usr/share/man/man1/;
			dstSubfolderSpec = 0;
			files = (
			);
			runOnlyForDeploymentPostprocessing = 1;
		};
/* End PBXCopyFilesBuildPhase section */

/* Begin PBXFileReference section */
		CAD112671CBCA7E500855C25 /* JointFDA */ = {isa = PBXFileReference; explicitFileType = "compiled.mach-o.executable"; includeInIndex = 0; path = JointFDA; sourceTree = BUILT_PRODUCTS_DIR; };
		CAD112711CBCA83400855C25 /* blas.h */ = {isa = PBXFileReference; fileEncoding = 4; lastKnownFileType = sourcecode.c.h; path = blas.h; sourceTree = "<group>"; };
		CAD112721CBCA83400855C25 /* blasp.h */ = {isa = PBXFileReference; fileEncoding = 4; lastKnownFileType = sourcecode.c.h; path = blasp.h; sourceTree = "<group>"; };
		CAD112731CBCA83400855C25 /* daxpy.c */ = {isa = PBXFileReference; fileEncoding = 4; lastKnownFileType = sourcecode.c.c; path = daxpy.c; sourceTree = "<group>"; };
		CAD112741CBCA83400855C25 /* ddot.c */ = {isa = PBXFileReference; fileEncoding = 4; lastKnownFileType = sourcecode.c.c; path = ddot.c; sourceTree = "<group>"; };
		CAD112751CBCA83400855C25 /* dnrm2.c */ = {isa = PBXFileReference; fileEncoding = 4; lastKnownFileType = sourcecode.c.c; path = dnrm2.c; sourceTree = "<group>"; };
		CAD112761CBCA83400855C25 /* dscal.c */ = {isa = PBXFileReference; fileEncoding = 4; lastKnownFileType = sourcecode.c.c; path = dscal.c; sourceTree = "<group>"; };
		CAD112771CBCA83400855C25 /* HighClock.h */ = {isa = PBXFileReference; fileEncoding = 4; lastKnownFileType = sourcecode.c.h; path = HighClock.h; sourceTree = "<group>"; };
		CAD112781CBCA83400855C25 /* LBF.h */ = {isa = PBXFileReference; fileEncoding = 4; lastKnownFileType = sourcecode.c.h; path = LBF.h; sourceTree = "<group>"; };
		CAD112791CBCA83400855C25 /* LBFRegressor.cpp */ = {isa = PBXFileReference; fileEncoding = 4; lastKnownFileType = sourcecode.cpp.cpp; path = LBFRegressor.cpp; sourceTree = "<group>"; };
		CAD1127A1CBCA83400855C25 /* LBFRegressor.h */ = {isa = PBXFileReference; fileEncoding = 4; lastKnownFileType = sourcecode.c.h; path = LBFRegressor.h; sourceTree = "<group>"; };
		CAD1127B1CBCA83400855C25 /* linear.cpp */ = {isa = PBXFileReference; fileEncoding = 4; lastKnownFileType = sourcecode.cpp.cpp; path = linear.cpp; sourceTree = "<group>"; };
		CAD1127C1CBCA83400855C25 /* linear.h */ = {isa = PBXFileReference; fileEncoding = 4; lastKnownFileType = sourcecode.c.h; path = linear.h; sourceTree = "<group>"; };
		CAD1127D1CBCA83400855C25 /* main.cpp */ = {isa = PBXFileReference; fileEncoding = 4; lastKnownFileType = sourcecode.cpp.cpp; path = main.cpp; sourceTree = "<group>"; };
		CAD1127E1CBCA83400855C25 /* randomforest.cpp */ = {isa = PBXFileReference; fileEncoding = 4; lastKnownFileType = sourcecode.cpp.cpp; path = randomforest.cpp; sourceTree = "<group>"; };
		CAD1127F1CBCA83400855C25 /* randomforest.h */ = {isa = PBXFileReference; fileEncoding = 4; lastKnownFileType = sourcecode.c.h; path = randomforest.h; sourceTree = "<group>"; };
		CAD112801CBCA83400855C25 /* README.md */ = {isa = PBXFileReference; fileEncoding = 4; lastKnownFileType = net.daringfireball.markdown; path = README.md; sourceTree = "<group>"; };
		CAD112811CBCA83400855C25 /* tree.cpp */ = {isa = PBXFileReference; fileEncoding = 4; lastKnownFileType = sourcecode.cpp.cpp; path = tree.cpp; sourceTree = "<group>"; };
		CAD112821CBCA83400855C25 /* tree.h */ = {isa = PBXFileReference; fileEncoding = 4; lastKnownFileType = sourcecode.c.h; path = tree.h; sourceTree = "<group>"; };
		CAD112831CBCA83400855C25 /* tron.cpp */ = {isa = PBXFileReference; fileEncoding = 4; lastKnownFileType = sourcecode.cpp.cpp; path = tron.cpp; sourceTree = "<group>"; };
		CAD112841CBCA83400855C25 /* tron.h */ = {isa = PBXFileReference; fileEncoding = 4; lastKnownFileType = sourcecode.c.h; path = tron.h; sourceTree = "<group>"; };
		CAD112851CBCA83400855C25 /* Utils.cpp */ = {isa = PBXFileReference; fileEncoding = 4; lastKnownFileType = sourcecode.cpp.cpp; path = Utils.cpp; sourceTree = "<group>"; };
/* End PBXFileReference section */

/* Begin PBXFrameworksBuildPhase section */
		CAD112641CBCA7E500855C25 /* Frameworks */ = {
			isa = PBXFrameworksBuildPhase;
			buildActionMask = 2147483647;
			files = (
			);
			runOnlyForDeploymentPostprocessing = 0;
		};
/* End PBXFrameworksBuildPhase section */

/* Begin PBXGroup section */
		CAD1125E1CBCA7E500855C25 = {
			isa = PBXGroup;
			children = (
				CAD112691CBCA7E500855C25 /* JointFDA */,
				CAD112681CBCA7E500855C25 /* Products */,
			);
			sourceTree = "<group>";
		};
		CAD112681CBCA7E500855C25 /* Products */ = {
			isa = PBXGroup;
			children = (
				CAD112671CBCA7E500855C25 /* JointFDA */,
			);
			name = Products;
			sourceTree = "<group>";
		};
		CAD112691CBCA7E500855C25 /* JointFDA */ = {
			isa = PBXGroup;
			children = (
				CAD112711CBCA83400855C25 /* blas.h */,
				CAD112721CBCA83400855C25 /* blasp.h */,
				CAD112731CBCA83400855C25 /* daxpy.c */,
				CAD112741CBCA83400855C25 /* ddot.c */,
				CAD112751CBCA83400855C25 /* dnrm2.c */,
				CAD112761CBCA83400855C25 /* dscal.c */,
				CAD112771CBCA83400855C25 /* HighClock.h */,
				CAD112781CBCA83400855C25 /* LBF.h */,
				CAD112791CBCA83400855C25 /* LBFRegressor.cpp */,
				CAD1127A1CBCA83400855C25 /* LBFRegressor.h */,
				CAD1127B1CBCA83400855C25 /* linear.cpp */,
				CAD1127C1CBCA83400855C25 /* linear.h */,
				CAD1127D1CBCA83400855C25 /* main.cpp */,
				CAD1127E1CBCA83400855C25 /* randomforest.cpp */,
				CAD1127F1CBCA83400855C25 /* randomforest.h */,
				CAD112801CBCA83400855C25 /* README.md */,
				CAD112811CBCA83400855C25 /* tree.cpp */,
				CAD112821CBCA83400855C25 /* tree.h */,
				CAD112831CBCA83400855C25 /* tron.cpp */,
				CAD112841CBCA83400855C25 /* tron.h */,
				CAD112851CBCA83400855C25 /* Utils.cpp */,
			);
			path = JointFDA;
			sourceTree = "<group>";
		};
/* End PBXGroup section */

/* Begin PBXNativeTarget section */
		CAD112661CBCA7E500855C25 /* JointFDA */ = {
			isa = PBXNativeTarget;
			buildConfigurationList = CAD1126E1CBCA7E500855C25 /* Build configuration list for PBXNativeTarget "JointFDA" */;
			buildPhases = (
				CAD112631CBCA7E500855C25 /* Sources */,
				CAD112641CBCA7E500855C25 /* Frameworks */,
				CAD112651CBCA7E500855C25 /* CopyFiles */,
			);
			buildRules = (
			);
			dependencies = (
			);
			name = JointFDA;
			productName = JointFDA;
			productReference = CAD112671CBCA7E500855C25 /* JointFDA */;
			productType = "com.apple.product-type.tool";
		};
/* End PBXNativeTarget section */

/* Begin PBXProject section */
		CAD1125F1CBCA7E500855C25 /* Project object */ = {
			isa = PBXProject;
			attributes = {
				LastUpgradeCheck = 0720;
				ORGANIZATIONNAME = "徐家骏";
				TargetAttributes = {
					CAD112661CBCA7E500855C25 = {
						CreatedOnToolsVersion = 7.2;
					};
				};
			};
			buildConfigurationList = CAD112621CBCA7E500855C25 /* Build configuration list for PBXProject "JointFDA" */;
			compatibilityVersion = "Xcode 3.2";
			developmentRegion = English;
			hasScannedForEncodings = 0;
			knownRegions = (
				en,
			);
			mainGroup = CAD1125E1CBCA7E500855C25;
			productRefGroup = CAD112681CBCA7E500855C25 /* Products */;
			projectDirPath = "";
			projectRoot = "";
			targets = (
				CAD112661CBCA7E500855C25 /* JointFDA */,
			);
		};
/* End PBXProject section */

/* Begin PBXSourcesBuildPhase section */
		CAD112631CBCA7E500855C25 /* Sources */ = {
			isa = PBXSourcesBuildPhase;
			buildActionMask = 2147483647;
			files = (
				CAD112881CBCA83400855C25 /* dnrm2.c in Sources */,
				CAD112871CBCA83400855C25 /* ddot.c in Sources */,
				CAD112861CBCA83400855C25 /* daxpy.c in Sources */,
				CAD1128F1CBCA83400855C25 /* tree.cpp in Sources */,
				CAD1128A1CBCA83400855C25 /* LBFRegressor.cpp in Sources */,
				CAD1128C1CBCA83400855C25 /* main.cpp in Sources */,
				CAD1128D1CBCA83400855C25 /* randomforest.cpp in Sources */,
				CAD112911CBCA83400855C25 /* Utils.cpp in Sources */,
				CAD1128E1CBCA83400855C25 /* README.md in Sources */,
				CAD1128B1CBCA83400855C25 /* linear.cpp in Sources */,
				CAD112901CBCA83400855C25 /* tron.cpp in Sources */,
				CAD112891CBCA83400855C25 /* dscal.c in Sources */,
			);
			runOnlyForDeploymentPostprocessing = 0;
		};
/* End PBXSourcesBuildPhase section */

/* Begin XCBuildConfiguration section */
		CAD1126C1CBCA7E500855C25 /* Debug */ = {
			isa = XCBuildConfiguration;
			buildSettings = {
				ALWAYS_SEARCH_USER_PATHS = NO;
				CLANG_CXX_LANGUAGE_STANDARD = "gnu++0x";
				CLANG_CXX_LIBRARY = "libc++";
				CLANG_ENABLE_MODULES = YES;
				CLANG_ENABLE_OBJC_ARC = YES;
				CLANG_WARN_BOOL_CONVERSION = YES;
				CLANG_WARN_CONSTANT_CONVERSION = YES;
				CLANG_WARN_DIRECT_OBJC_ISA_USAGE = YES_ERROR;
				CLANG_WARN_EMPTY_BODY = YES;
				CLANG_WARN_ENUM_CONVERSION = YES;
				CLANG_WARN_INT_CONVERSION = YES;
				CLANG_WARN_OBJC_ROOT_CLASS = YES_ERROR;
				CLANG_WARN_UNREACHABLE_CODE = YES;
				CLANG_WARN__DUPLICATE_METHOD_MATCH = YES;
				CODE_SIGN_IDENTITY = "-";
				COPY_PHASE_STRIP = NO;
				DEBUG_INFORMATION_FORMAT = dwarf;
				ENABLE_STRICT_OBJC_MSGSEND = YES;
				ENABLE_TESTABILITY = YES;
				GCC_C_LANGUAGE_STANDARD = gnu99;
				GCC_DYNAMIC_NO_PIC = NO;
				GCC_NO_COMMON_BLOCKS = YES;
				GCC_OPTIMIZATION_LEVEL = 0;
				GCC_PREPROCESSOR_DEFINITIONS = (
					"DEBUG=1",
					"$(inherited)",
				);
				GCC_WARN_64_TO_32_BIT_CONVERSION = YES;
				GCC_WARN_ABOUT_RETURN_TYPE = YES_ERROR;
				GCC_WARN_UNDECLARED_SELECTOR = YES;
				GCC_WARN_UNINITIALIZED_AUTOS = YES_AGGRESSIVE;
				GCC_WARN_UNUSED_FUNCTION = YES;
				GCC_WARN_UNUSED_VARIABLE = YES;
				MACOSX_DEPLOYMENT_TARGET = 10.10;
				MTL_ENABLE_DEBUG_INFO = YES;
				ONLY_ACTIVE_ARCH = YES;
				SDKROOT = macosx;
			};
			name = Debug;
		};
		CAD1126D1CBCA7E500855C25 /* Release */ = {
			isa = XCBuildConfiguration;
			buildSettings = {
				ALWAYS_SEARCH_USER_PATHS = NO;
				CLANG_CXX_LANGUAGE_STANDARD = "gnu++0x";
				CLANG_CXX_LIBRARY = "libc++";
				CLANG_ENABLE_MODULES = YES;
				CLANG_ENABLE_OBJC_ARC = YES;
				CLANG_WARN_BOOL_CONVERSION = YES;
				CLANG_WARN_CONSTANT_CONVERSION = YES;
				CLANG_WARN_DIRECT_OBJC_ISA_USAGE = YES_ERROR;
				CLANG_WARN_EMPTY_BODY = YES;
				CLANG_WARN_ENUM_CONVERSION = YES;
				CLANG_WARN_INT_CONVERSION = YES;
				CLANG_WARN_OBJC_ROOT_CLASS = YES_ERROR;
				CLANG_WARN_UNREACHABLE_CODE = YES;
				CLANG_WARN__DUPLICATE_METHOD_MATCH = YES;
				CODE_SIGN_IDENTITY = "-";
				COPY_PHASE_STRIP = NO;
				DEBUG_INFORMATION_FORMAT = "dwarf-with-dsym";
				ENABLE_NS_ASSERTIONS = NO;
				ENABLE_STRICT_OBJC_MSGSEND = YES;
				GCC_C_LANGUAGE_STANDARD = gnu99;
				GCC_NO_COMMON_BLOCKS = YES;
				GCC_WARN_64_TO_32_BIT_CONVERSION = YES;
				GCC_WARN_ABOUT_RETURN_TYPE = YES_ERROR;
				GCC_WARN_UNDECLARED_SELECTOR = YES;
				GCC_WARN_UNINITIALIZED_AUTOS = YES_AGGRESSIVE;
				GCC_WARN_UNUSED_FUNCTION = YES;
				GCC_WARN_UNUSED_VARIABLE = YES;
				MACOSX_DEPLOYMENT_TARGET = 10.10;
				MTL_ENABLE_DEBUG_INFO = NO;
				SDKROOT = macosx;
			};
			name = Release;
		};
		CAD1126F1CBCA7E500855C25 /* Debug */ = {
			isa = XCBuildConfiguration;
			buildSettings = {
				HEADER_SEARCH_PATHS = /usr/local/include;
				PRODUCT_NAME = "$(TARGET_NAME)";
			};
			name = Debug;
		};
		CAD112701CBCA7E500855C25 /* Release */ = {
			isa = XCBuildConfiguration;
			buildSettings = {
				HEADER_SEARCH_PATHS = /usr/local/include;
				PRODUCT_NAME = "$(TARGET_NAME)";
			};
			name = Release;
		};
/* End XCBuildConfiguration section */

/* Begin XCConfigurationList section */
		CAD112621CBCA7E500855C25 /* Build configuration list for PBXProject "JointFDA" */ = {
			isa = XCConfigurationList;
			buildConfigurations = (
				CAD1126C1CBCA7E500855C25 /* Debug */,
				CAD1126D1CBCA7E500855C25 /* Release */,
			);
			defaultConfigurationIsVisible = 0;
			defaultConfigurationName = Release;
		};
		CAD1126E1CBCA7E500855C25 /* Build configuration list for PBXNativeTarget "JointFDA" */ = {
			isa = XCConfigurationList;
			buildConfigurations = (
				CAD1126F1CBCA7E500855C25 /* Debug */,
				CAD112701CBCA7E500855C25 /* Release */,
			);
			defaultConfigurationIsVisible = 0;
		};
/* End XCConfigurationList section */
	};
	rootObject = CAD1125F1CBCA7E500855C25 /* Project object */;
}
